
Microsoft Visual Studio Solution File, Format Version 12.00
# Visual Studio 15
VisualStudioVersion = 15.0.28307.902
MinimumVisualStudioVersion = 10.0.40219.1
Project("{9A19103F-16F7-4668-BE54-9A1E7A4F7556}") = "McrDigital.Bootcamp1.Cards", "McrDigital.Bootcamp1.Cards\McrDigital.Bootcamp1.Cards.csproj", "{293E670E-DD4E-4BC4-86A0-188B870CAEAC}"
EndProject
Project("{9A19103F-16F7-4668-BE54-9A1E7A4F7556}") = "McrDigital.Bootcamp1.Cards.Tests", "McrDigital.Bootcamp1.Cards.Tests\McrDigital.Bootcamp1.Cards.Tests.csproj", "{5C9D69B9-53CF-456A-8EAA-177C70D03FCE}"
EndProject
Global
	GlobalSection(SolutionConfigurationPlatforms) = preSolution
		Debug|Any CPU = Debug|Any CPU
		Release|Any CPU = Release|Any CPU
	EndGlobalSection
	GlobalSection(ProjectConfigurationPlatforms) = postSolution
		{293E670E-DD4E-4BC4-86A0-188B870CAEAC}.Debug|Any CPU.ActiveCfg = Debug|Any CPU
		{293E670E-DD4E-4BC4-86A0-188B870CAEAC}.Debug|Any CPU.Build.0 = Debug|Any CPU
		{293E670E-DD4E-4BC4-86A0-188B870CAEAC}.Release|Any CPU.ActiveCfg = Release|Any CPU
		{293E670E-DD4E-4BC4-86A0-188B870CAEAC}.Release|Any CPU.Build.0 = Release|Any CPU
		{5C9D69B9-53CF-456A-8EAA-177C70D03FCE}.Debug|Any CPU.ActiveCfg = Debug|Any CPU
		{5C9D69B9-53CF-456A-8EAA-177C70D03FCE}.Debug|Any CPU.Build.0 = Debug|Any CPU
		{5C9D69B9-53CF-456A-8EAA-177C70D03FCE}.Release|Any CPU.ActiveCfg = Release|Any CPU
		{5C9D69B9-53CF-456A-8EAA-177C70D03FCE}.Release|Any CPU.Build.0 = Release|Any CPU
	EndGlobalSection
	GlobalSection(SolutionProperties) = preSolution
		HideSolutionNode = FALSE
	EndGlobalSection
	GlobalSection(ExtensibilityGlobals) = postSolution
		SolutionGuid = {E52759BF-32C9-4298-80D7-4FC4184CBA92}
	EndGlobalSection
EndGlobal
